
Microsoft Visual Studio Solution File, Format Version 12.00
# Visual Studio Version 17
VisualStudioVersion = 17.12.35728.132 d17.12
MinimumVisualStudioVersion = 10.0.40219.1
Project("{FAE04EC0-301F-11D3-BF4B-00C04F79EFBC}") = "TheVault", "TheVault\TheVault.csproj", "{1650926C-AF9D-489D-A5B0-090783D7570A}"
EndProject
Project("{FAE04EC0-301F-11D3-BF4B-00C04F79EFBC}") = "TheVault.Shared", "TheVault.Shared\TheVault.Shared.csproj", "{22EFB4D2-E7C1-45CE-8382-FCAB569AED65}"
EndProject
Project("{FAE04EC0-301F-11D3-BF4B-00C04F79EFBC}") = "TheVault.Services", "TheVault.Services\TheVault.Services.csproj", "{62BDF4E1-6703-4403-B00E-4C1C5A3EB04F}"
EndProject
Project("{FAE04EC0-301F-11D3-BF4B-00C04F79EFBC}") = "ProgramTest", "ProgramTest\ProgramTest.csproj", "{48F6063D-74A5-4A91-AA74-3EBD2727C420}"
EndProject
Global
	GlobalSection(SolutionConfigurationPlatforms) = preSolution
		Debug|Any CPU = Debug|Any CPU
		Release|Any CPU = Release|Any CPU
	EndGlobalSection
	GlobalSection(ProjectConfigurationPlatforms) = postSolution
		{1650926C-AF9D-489D-A5B0-090783D7570A}.Debug|Any CPU.ActiveCfg = Debug|Any CPU
		{1650926C-AF9D-489D-A5B0-090783D7570A}.Debug|Any CPU.Build.0 = Debug|Any CPU
		{1650926C-AF9D-489D-A5B0-090783D7570A}.Release|Any CPU.ActiveCfg = Release|Any CPU
		{1650926C-AF9D-489D-A5B0-090783D7570A}.Release|Any CPU.Build.0 = Release|Any CPU
		{22EFB4D2-E7C1-45CE-8382-FCAB569AED65}.Debug|Any CPU.ActiveCfg = Debug|Any CPU
		{22EFB4D2-E7C1-45CE-8382-FCAB569AED65}.Debug|Any CPU.Build.0 = Debug|Any CPU
		{22EFB4D2-E7C1-45CE-8382-FCAB569AED65}.Release|Any CPU.ActiveCfg = Release|Any CPU
		{22EFB4D2-E7C1-45CE-8382-FCAB569AED65}.Release|Any CPU.Build.0 = Release|Any CPU
		{62BDF4E1-6703-4403-B00E-4C1C5A3EB04F}.Debug|Any CPU.ActiveCfg = Debug|Any CPU
		{62BDF4E1-6703-4403-B00E-4C1C5A3EB04F}.Debug|Any CPU.Build.0 = Debug|Any CPU
		{62BDF4E1-6703-4403-B00E-4C1C5A3EB04F}.Release|Any CPU.ActiveCfg = Release|Any CPU
		{62BDF4E1-6703-4403-B00E-4C1C5A3EB04F}.Release|Any CPU.Build.0 = Release|Any CPU
		{48F6063D-74A5-4A91-AA74-3EBD2727C420}.Debug|Any CPU.ActiveCfg = Debug|Any CPU
		{48F6063D-74A5-4A91-AA74-3EBD2727C420}.Debug|Any CPU.Build.0 = Debug|Any CPU
		{48F6063D-74A5-4A91-AA74-3EBD2727C420}.Release|Any CPU.ActiveCfg = Release|Any CPU
		{48F6063D-74A5-4A91-AA74-3EBD2727C420}.Release|Any CPU.Build.0 = Release|Any CPU
	EndGlobalSection
	GlobalSection(SolutionProperties) = preSolution
		HideSolutionNode = FALSE
	EndGlobalSection
EndGlobal
